
Microsoft Visual Studio Solution File, Format Version 12.00
# Visual Studio Version 16
VisualStudioVersion = 16.0.30621.155
MinimumVisualStudioVersion = 10.0.40219.1
Project("{FAE04EC0-301F-11D3-BF4B-00C04F79EFBC}") = "Trendy.Web", "Trendy.Web.csproj", "{21FC216A-E5E2-48A2-A794-2D93562BB963}"
EndProject
Project("{FAE04EC0-301F-11D3-BF4B-00C04F79EFBC}") = "Trendy.Database", "..\Trendy.Database\Trendy.Database.csproj", "{F80FB422-5455-4F09-843B-B60F4A810215}"
EndProject
Project("{FAE04EC0-301F-11D3-BF4B-00C04F79EFBC}") = "Trendy.Entities", "..\Trendy.Entities\Trendy.Entities.csproj", "{5D7B6013-77A7-45E0-8FD3-9F0830E80B41}"
EndProject
Project("{FAE04EC0-301F-11D3-BF4B-00C04F79EFBC}") = "Trendy.Services", "..\Trendy.Services\Trendy.Services.csproj", "{4B4A63D9-67C8-4D0E-ACDF-A2C22E12F63C}"
EndProject
Global
	GlobalSection(SolutionConfigurationPlatforms) = preSolution
		Debug|Any CPU = Debug|Any CPU
		Release|Any CPU = Release|Any CPU
	EndGlobalSection
	GlobalSection(ProjectConfigurationPlatforms) = postSolution
		{21FC216A-E5E2-48A2-A794-2D93562BB963}.Debug|Any CPU.ActiveCfg = Debug|Any CPU
		{21FC216A-E5E2-48A2-A794-2D93562BB963}.Debug|Any CPU.Build.0 = Debug|Any CPU
		{21FC216A-E5E2-48A2-A794-2D93562BB963}.Release|Any CPU.ActiveCfg = Release|Any CPU
		{21FC216A-E5E2-48A2-A794-2D93562BB963}.Release|Any CPU.Build.0 = Release|Any CPU
		{F80FB422-5455-4F09-843B-B60F4A810215}.Debug|Any CPU.ActiveCfg = Debug|Any CPU
		{F80FB422-5455-4F09-843B-B60F4A810215}.Debug|Any CPU.Build.0 = Debug|Any CPU
		{F80FB422-5455-4F09-843B-B60F4A810215}.Release|Any CPU.ActiveCfg = Release|Any CPU
		{F80FB422-5455-4F09-843B-B60F4A810215}.Release|Any CPU.Build.0 = Release|Any CPU
		{5D7B6013-77A7-45E0-8FD3-9F0830E80B41}.Debug|Any CPU.ActiveCfg = Debug|Any CPU
		{5D7B6013-77A7-45E0-8FD3-9F0830E80B41}.Debug|Any CPU.Build.0 = Debug|Any CPU
		{5D7B6013-77A7-45E0-8FD3-9F0830E80B41}.Release|Any CPU.ActiveCfg = Release|Any CPU
		{5D7B6013-77A7-45E0-8FD3-9F0830E80B41}.Release|Any CPU.Build.0 = Release|Any CPU
		{4B4A63D9-67C8-4D0E-ACDF-A2C22E12F63C}.Debug|Any CPU.ActiveCfg = Debug|Any CPU
		{4B4A63D9-67C8-4D0E-ACDF-A2C22E12F63C}.Debug|Any CPU.Build.0 = Debug|Any CPU
		{4B4A63D9-67C8-4D0E-ACDF-A2C22E12F63C}.Release|Any CPU.ActiveCfg = Release|Any CPU
		{4B4A63D9-67C8-4D0E-ACDF-A2C22E12F63C}.Release|Any CPU.Build.0 = Release|Any CPU
	EndGlobalSection
	GlobalSection(SolutionProperties) = preSolution
		HideSolutionNode = FALSE
	EndGlobalSection
	GlobalSection(ExtensibilityGlobals) = postSolution
		SolutionGuid = {15F1B0E7-953B-4BB4-A6FD-A09BEFA25BE0}
	EndGlobalSection
EndGlobal
